github.com/BurntSushi/toml v1.2.1 h1:9F2/+DoOYIOksmaJFPw1tGFy1eDnIJXg+UHjuD8lTak=
github.com/BurntSushi/toml v1.2.1/go.mod h1:CxXYINrC8qIiEnFrOxCa7Jy5BFHlXnUU2pbicEuybxQ=
github.com/ilyakaznacheev/cleanenv v1.5.0 h1:0VNZXggJE2OYdXE87bfSSwGxeiGt9moSR2lOrsHHvr4=
github.com/ilyakaznacheev/cleanenv v1.5.0/go.mod h1:a5aDzaJrLCQZsazHol1w8InnDcOX0OColm64SlIi6gk=
github.com/joho/godotenv v1.5.1 h1:7eLL/+HRGLY0ldzfGMeQkb7vMd0as4CfYvUVzLqw0N0=
github.com/joho/godotenv v1.5.1/go.mod h1:f4LDr5Voq0i2e/R5DDNOoa2zzDfwtkZa6DnEwAbqwq4=
github.com/tenzo-as/arzanqaida-proto v0.0.0-20260124083821-9c459d879f7b h1:K74lvwfUHCDs1HTDa0j0HfJVS5y7WB6X9hArEa/K6fk=
github.com/tenzo-as/arzanqaida-proto v0.0.0-20260124083821-9c459d879f7b/go.mod h1:ee/1EmH1ZjhZ9aI6Q0AkpCl9lAy/BKVXCtuljqJajl4=
github.com/tenzo-as/arzanqaida-proto v0.0.1 h1:RSuYFEDzG8LifQUJI4uv57SvRlOAxOLSyk5wAmIbqGg=
github.com/tenzo-as/arzanqaida-proto v0.0.1/go.mod h1:ee/1EmH1ZjhZ9aI6Q0AkpCl9lAy/BKVXCtuljqJajl4=
github.com/tenzo-as/arzanqaida-proto v0.0.3 h1:AHWRqmOu0Llb3n+FLEgANiWalmWWP8zJOc1i7GEK9XU=
github.com/tenzo-as/arzanqaida-proto v0.0.3/go.mod h1:NtGCkhBx6ahoP5vR27oBzqBGafLNmu0NC+P6SBF8x0U=
github.com/tenzo-as/arzanqaida-proto v0.0.4 h1:T3oRntWwpgminH183/blJtlwNl+41C/kBMJV9trY2ik=
github.com/tenzo-as/arzanqaida-proto v0.0.4/go.mod h1:NtGCkhBx6ahoP5vR27oBzqBGafLNmu0NC+P6SBF8x0U=
github.com/tenzo-as/arzanqaida-proto v0.0.5 h1:6brA+tQOiqO8OByQGPd9TQqVy17UC3B08Eg/Rp9MD2o=
github.com/tenzo-as/arzanqaida-proto v0.0.5/go.mod h1:v7wkpYboldz6cMgPS6cAmoqaBOz7o5YzP2XNCodxoXE=
gopkg.in/check.v1 v0.0.0-20161208181325-20d25e280405/go.mod h1:Co6ibVJAznAaIkqp8huTwlJQCZ016jof/cbN4VW5Yz0=
gopkg.in/yaml.v3 v3.0.1 h1:fxVm/GzAzEWqLHuvctI91KS9hhNmmWOoWu0XTYJS7CA=
gopkg.in/yaml.v3 v3.0.1/go.mod h1:K4uyk7z7BCEPqu6E+C64Yfv1cQ7kz7rIZviUmN+EgEM=
olympos.io/encoding/edn v0.0.0-20201019073823-d3554ca0b0a3 h1:slmdOY3vp8a7KQbHkL+FLbvbkgMqmXojpFUO/jENuqQ=
olympos.io/encoding/edn v0.0.0-20201019073823-d3554ca0b0a3/go.mod h1:oVgVk4OWVDi43qWBEyGhXgYxt7+ED4iYNpTngSLX2Iw=
